// !$*UTF8*$!
{
	archiveVersion = 1;
	classes = {
	};
	objectVersion = 50;
	objects = {

/* Begin PBXBuildFile section */
		78774920231D4A7B001D99AC /* AppDelegate.m in Sources */ = {isa = PBXBuildFile; fileRef = 7877491F231D4A7B001D99AC /* AppDelegate.m */; };
		78774923231D4A7B001D99AC /* ViewController.m in Sources */ = {isa = PBXBuildFile; fileRef = 78774922231D4A7B001D99AC /* ViewController.m */; };
		78774926231D4A7B001D99AC /* Main.storyboard in Resources */ = {isa = PBXBuildFile; fileRef = 78774924231D4A7B001D99AC /* Main.storyboard */; };
		78774928231D4A7C001D99AC /* Assets.xcassets in Resources */ = {isa = PBXBuildFile; fileRef = 78774927231D4A7C001D99AC /* Assets.xcassets */; };
		7877492B231D4A7C001D99AC /* LaunchScreen.storyboard in Resources */ = {isa = PBXBuildFile; fileRef = 78774929231D4A7C001D99AC /* LaunchScreen.storyboard */; };
		7877492E231D4A7C001D99AC /* main.m in Sources */ = {isa = PBXBuildFile; fileRef = 7877492D231D4A7C001D99AC /* main.m */; };
/* End PBXBuildFile section */

/* Begin PBXFileReference section */
		7877491B231D4A7B001D99AC /* YGStudy.app */ = {isa = PBXFileReference; explicitFileType = wrapper.application; includeInIndex = 0; path = YGStudy.app; sourceTree = BUILT_PRODUCTS_DIR; };
		7877491E231D4A7B001D99AC /* AppDelegate.h */ = {isa = PBXFileReference; lastKnownFileType = sourcecode.c.h; path = AppDelegate.h; sourceTree = "<group>"; };
		7877491F231D4A7B001D99AC /* AppDelegate.m */ = {isa = PBXFileReference; lastKnownFileType = sourcecode.c.objc; path = AppDelegate.m; sourceTree = "<group>"; };
		78774921231D4A7B001D99AC /* ViewController.h */ = {isa = PBXFileReference; lastKnownFileType = sourcecode.c.h; path = ViewController.h; sourceTree = "<group>"; };
		78774922231D4A7B001D99AC /* ViewController.m */ = {isa = PBXFileReference; lastKnownFileType = sourcecode.c.objc; path = ViewController.m; sourceTree = "<group>"; };
		78774925231D4A7B001D99AC /* Base */ = {isa = PBXFileReference; lastKnownFileType = file.storyboard; name = Base; path = Base.lproj/Main.storyboard; sourceTree = "<group>"; };
		78774927231D4A7C001D99AC /* Assets.xcassets */ = {isa = PBXFileReference; lastKnownFileType = folder.assetcatalog; path = Assets.xcassets; sourceTree = "<group>"; };
		7877492A231D4A7C001D99AC /* Base */ = {isa = PBXFileReference; lastKnownFileType = file.storyboard; name = Base; path = Base.lproj/LaunchScreen.storyboard; sourceTree = "<group>"; };
		7877492C231D4A7C001D99AC /* Info.plist */ = {isa = PBXFileReference; lastKnownFileType = text.plist.xml; path = Info.plist; sourceTree = "<group>"; };
		7877492D231D4A7C001D99AC /* main.m */ = {isa = PBXFileReference; lastKnownFileType = sourcecode.c.objc; path = main.m; sourceTree = "<group>"; };
/* End PBXFileReference section */

/* Begin PBXFrameworksBuildPhase section */
		78774918231D4A7B001D99AC /* Frameworks */ = {
			isa = PBXFrameworksBuildPhase;
			buildActionMask = 2147483647;
			files = (
			);
			runOnlyForDeploymentPostprocessing = 0;
		};
/* End PBXFrameworksBuildPhase section */

/* Begin PBXGroup section */
		78774912231D4A7B001D99AC = {
			isa = PBXGroup;
			children = (
				7877491D231D4A7B001D99AC /* YGStudy */,
				7877491C231D4A7B001D99AC /* Products */,
			);
			sourceTree = "<group>";
		};
		7877491C231D4A7B001D99AC /* Products */ = {
			isa = PBXGroup;
			children = (
				7877491B231D4A7B001D99AC /* YGStudy.app */,
			);
			name = Products;
			sourceTree = "<group>";
		};
		7877491D231D4A7B001D99AC /* YGStudy */ = {
			isa = PBXGroup;
			children = (
				7877491E231D4A7B001D99AC /* AppDelegate.h */,
				7877491F231D4A7B001D99AC /* AppDelegate.m */,
				78774921231D4A7B001D99AC /* ViewController.h */,
				78774922231D4A7B001D99AC /* ViewController.m */,
				78774924231D4A7B001D99AC /* Main.storyboard */,
				78774927231D4A7C001D99AC /* Assets.xcassets */,
				78774929231D4A7C001D99AC /* LaunchScreen.storyboard */,
				7877492C231D4A7C001D99AC /* Info.plist */,
				7877492D231D4A7C001D99AC /* main.m */,
			);
			path = YGStudy;
			sourceTree = "<group>";
		};
/* End PBXGroup section */

/* Begin PBXNativeTarget section */
		7877491A231D4A7B001D99AC /* YGStudy */ = {
			isa = PBXNativeTarget;
			buildConfigurationList = 78774931231D4A7C001D99AC /* Build configuration list for PBXNativeTarget "YGStudy" */;
			buildPhases = (
				78774917231D4A7B001D99AC /* Sources */,
				78774918231D4A7B001D99AC /* Frameworks */,
				78774919231D4A7B001D99AC /* Resources */,
			);
			buildRules = (
			);
			dependencies = (
			);
			name = YGStudy;
			productName = YGStudy;
			productReference = 7877491B231D4A7B001D99AC /* YGStudy.app */;
			productType = "com.apple.product-type.application";
		};
/* End PBXNativeTarget section */

/* Begin PBXProject section */
		78774913231D4A7B001D99AC /* Project object */ = {
			isa = PBXProject;
			attributes = {
				LastUpgradeCheck = 1030;
				ORGANIZATIONNAME = YOGURTS;
				TargetAttributes = {
					7877491A231D4A7B001D99AC = {
						CreatedOnToolsVersion = 10.3;
					};
				};
			};
			buildConfigurationList = 78774916231D4A7B001D99AC /* Build configuration list for PBXProject "YGStudy" */;
			compatibilityVersion = "Xcode 9.3";
			developmentRegion = en;
			hasScannedForEncodings = 0;
			knownRegions = (
				en,
				Base,
			);
			mainGroup = 78774912231D4A7B001D99AC;
			productRefGroup = 7877491C231D4A7B001D99AC /* Products */;
			projectDirPath = "";
			projectRoot = "";
			targets = (
				7877491A231D4A7B001D99AC /* YGStudy */,
			);
		};
/* End PBXProject section */

/* Begin PBXResourcesBuildPhase section */
		78774919231D4A7B001D99AC /* Resources */ = {
			isa = PBXResourcesBuildPhase;
			buildActionMask = 2147483647;
			files = (
				7877492B231D4A7C001D99AC /* LaunchScreen.storyboard in Resources */,
				78774928231D4A7C001D99AC /* Assets.xcassets in Resources */,
				78774926231D4A7B001D99AC /* Main.storyboard in Resources */,
			);
			runOnlyForDeploymentPostprocessing = 0;
		};
/* End PBXResourcesBuildPhase section */

/* Begin PBXSourcesBuildPhase section */
		78774917231D4A7B001D99AC /* Sources */ = {
			isa = PBXSourcesBuildPhase;
			buildActionMask = 2147483647;
			files = (
				78774923231D4A7B001D99AC /* ViewController.m in Sources */,
				7877492E231D4A7C001D99AC /* main.m in Sources */,
				78774920231D4A7B001D99AC /* AppDelegate.m in Sources */,
			);
			runOnlyForDeploymentPostprocessing = 0;
		};
/* End PBXSourcesBuildPhase section */

/* Begin PBXVariantGroup section */
		78774924231D4A7B001D99AC /* Main.storyboard */ = {
			isa = PBXVariantGroup;
			children = (
				78774925231D4A7B001D99AC /* Base */,
			);
			name = Main.storyboard;
			sourceTree = "<group>";
		};
		78774929231D4A7C001D99AC /* LaunchScreen.storyboard */ = {
			isa = PBXVariantGroup;
			children = (
				7877492A231D4A7C001D99AC /* Base */,
			);
			name = LaunchScreen.storyboard;
			sourceTree = "<group>";
		};
/* End PBXVariantGroup section */

/* Begin XCBuildConfiguration section */
		7877492F231D4A7C001D99AC /* Debug */ = {
			isa = XCBuildConfiguration;
			buildSettings = {
				ALWAYS_SEARCH_USER_PATHS = NO;
				CLANG_ANALYZER_NONNULL = YES;
				CLANG_ANALYZER_NUMBER_OBJECT_CONVERSION = YES_AGGRESSIVE;
				CLANG_CXX_LANGUAGE_STANDARD = "gnu++14";
				CLANG_CXX_LIBRARY = "libc++";
				CLANG_ENABLE_MODULES = YES;
				CLANG_ENABLE_OBJC_ARC = YES;
				CLANG_ENABLE_OBJC_WEAK = YES;
				CLANG_WARN_BLOCK_CAPTURE_AUTORELEASING = YES;
				CLANG_WARN_BOOL_CONVERSION = YES;
				CLANG_WARN_COMMA = YES;
				CLANG_WARN_CONSTANT_CONVERSION = YES;
				CLANG_WARN_DEPRECATED_OBJC_IMPLEMENTATIONS = YES;
				CLANG_WARN_DIRECT_OBJC_ISA_USAGE = YES_ERROR;
				CLANG_WARN_DOCUMENTATION_COMMENTS = YES;
				CLANG_WARN_EMPTY_BODY = YES;
				CLANG_WARN_ENUM_CONVERSION = YES;
				CLANG_WARN_INFINITE_RECURSION = YES;
				CLANG_WARN_INT_CONVERSION = YES;
				CLANG_WARN_NON_LITERAL_NULL_CONVERSION = YES;
				CLANG_WARN_OBJC_IMPLICIT_RETAIN_SELF = YES;
				CLANG_WARN_OBJC_LITERAL_CONVERSION = YES;
				CLANG_WARN_OBJC_ROOT_CLASS = YES_ERROR;
				CLANG_WARN_RANGE_LOOP_ANALYSIS = YES;
				CLANG_WARN_STRICT_PROTOTYPES = YES;
				CLANG_WARN_SUSPICIOUS_MOVE = YES;
				CLANG_WARN_UNGUARDED_AVAILABILITY = YES_AGGRESSIVE;
				CLANG_WARN_UNREACHABLE_CODE = YES;
				CLANG_WARN__DUPLICATE_METHOD_MATCH = YES;
				CODE_SIGN_IDENTITY = "iPhone Developer";
				COPY_PHASE_STRIP = NO;
				DEBUG_INFORMATION_FORMAT = dwarf;
				ENABLE_STRICT_OBJC_MSGSEND = YES;
				ENABLE_TESTABILITY = YES;
				GCC_C_LANGUAGE_STANDARD = gnu11;
				GCC_DYNAMIC_NO_PIC = NO;
				GCC_NO_COMMON_BLOCKS = YES;
				GCC_OPTIMIZATION_LEVEL = 0;
				GCC_PREPROCESSOR_DEFINITIONS = (
					"DEBUG=1",
					"$(inherited)",
				);
				GCC_WARN_64_TO_32_BIT_CONVERSION = YES;
				GCC_WARN_ABOUT_RETURN_TYPE = YES_ERROR;
				GCC_WARN_UNDECLARED_SELECTOR = YES;
				GCC_WARN_UNINITIALIZED_AUTOS = YES_AGGRESSIVE;
				GCC_WARN_UNUSED_FUNCTION = YES;
				GCC_WARN_UNUSED_VARIABLE = YES;
				IPHONEOS_DEPLOYMENT_TARGET = 12.4;
				MTL_ENABLE_DEBUG_INFO = INCLUDE_SOURCE;
				MTL_FAST_MATH = YES;
				ONLY_ACTIVE_ARCH = YES;
				SDKROOT = iphoneos;
			};
			name = Debug;
		};
		78774930231D4A7C001D99AC /* Release */ = {
			isa = XCBuildConfiguration;
			buildSettings = {
				ALWAYS_SEARCH_USER_PATHS = NO;
				CLANG_ANALYZER_NONNULL = YES;
				CLANG_ANALYZER_NUMBER_OBJECT_CONVERSION = YES_AGGRESSIVE;
				CLANG_CXX_LANGUAGE_STANDARD = "gnu++14";
				CLANG_CXX_LIBRARY = "libc++";
				CLANG_ENABLE_MODULES = YES;
				CLANG_ENABLE_OBJC_ARC = YES;
				CLANG_ENABLE_OBJC_WEAK = YES;
				CLANG_WARN_BLOCK_CAPTURE_AUTORELEASING = YES;
				CLANG_WARN_BOOL_CONVERSION = YES;
				CLANG_WARN_COMMA = YES;
				CLANG_WARN_CONSTANT_CONVERSION = YES;
				CLANG_WARN_DEPRECATED_OBJC_IMPLEMENTATIONS = YES;
				CLANG_WARN_DIRECT_OBJC_ISA_USAGE = YES_ERROR;
				CLANG_WARN_DOCUMENTATION_COMMENTS = YES;
				CLANG_WARN_EMPTY_BODY = YES;
				CLANG_WARN_ENUM_CONVERSION = YES;
				CLANG_WARN_INFINITE_RECURSION = YES;
				CLANG_WARN_INT_CONVERSION = YES;
				CLANG_WARN_NON_LITERAL_NULL_CONVERSION = YES;
				CLANG_WARN_OBJC_IMPLICIT_RETAIN_SELF = YES;
				CLANG_WARN_OBJC_LITERAL_CONVERSION = YES;
				CLANG_WARN_OBJC_ROOT_CLASS = YES_ERROR;
				CLANG_WARN_RANGE_LOOP_ANALYSIS = YES;
				CLANG_WARN_STRICT_PROTOTYPES = YES;
				CLANG_WARN_SUSPICIOUS_MOVE = YES;
				CLANG_WARN_UNGUARDED_AVAILABILITY = YES_AGGRESSIVE;
				CLANG_WARN_UNREACHABLE_CODE = YES;
				CLANG_WARN__DUPLICATE_METHOD_MATCH = YES;
				CODE_SIGN_IDENTITY = "iPhone Developer";
				COPY_PHASE_STRIP = NO;
				DEBUG_INFORMATION_FORMAT = "dwarf-with-dsym";
				ENABLE_NS_ASSERTIONS = NO;
				ENABLE_STRICT_OBJC_MSGSEND = YES;
				GCC_C_LANGUAGE_STANDARD = gnu11;
				GCC_NO_COMMON_BLOCKS = YES;
				GCC_WARN_64_TO_32_BIT_CONVERSION = YES;
				GCC_WARN_ABOUT_RETURN_TYPE = YES_ERROR;
				GCC_WARN_UNDECLARED_SELECTOR = YES;
				GCC_WARN_UNINITIALIZED_AUTOS = YES_AGGRESSIVE;
				GCC_WARN_UNUSED_FUNCTION = YES;
				GCC_WARN_UNUSED_VARIABLE = YES;
				IPHONEOS_DEPLOYMENT_TARGET = 12.4;
				MTL_ENABLE_DEBUG_INFO = NO;
				MTL_FAST_MATH = YES;
				SDKROOT = iphoneos;
				VALIDATE_PRODUCT = YES;
			};
			name = Release;
		};
		78774932231D4A7C001D99AC /* Debug */ = {
			isa = XCBuildConfiguration;
			buildSettings = {
				ASSETCATALOG_COMPILER_APPICON_NAME = AppIcon;
				CODE_SIGN_STYLE = Automatic;
				DEVELOPMENT_TEAM = 9ULCB2J6QA;
				INFOPLIST_FILE = YGStudy/Info.plist;
				LD_RUNPATH_SEARCH_PATHS = (
					"$(inherited)",
					"@executable_path/Frameworks",
				);
				PRODUCT_BUNDLE_IDENTIFIER = com.yogurts.YGStudy;
				PRODUCT_NAME = "$(TARGET_NAME)";
				TARGETED_DEVICE_FAMILY = "1,2";
			};
			name = Debug;
		};
		78774933231D4A7C001D99AC /* Release */ = {
			isa = XCBuildConfiguration;
			buildSettings = {
				ASSETCATALOG_COMPILER_APPICON_NAME = AppIcon;
				CODE_SIGN_STYLE = Automatic;
				DEVELOPMENT_TEAM = 9ULCB2J6QA;
				INFOPLIST_FILE = YGStudy/Info.plist;
				LD_RUNPATH_SEARCH_PATHS = (
					"$(inherited)",
					"@executable_path/Frameworks",
				);
				PRODUCT_BUNDLE_IDENTIFIER = com.yogurts.YGStudy;
				PRODUCT_NAME = "$(TARGET_NAME)";
				TARGETED_DEVICE_FAMILY = "1,2";
			};
			name = Release;
		};
/* End XCBuildConfiguration section */

/* Begin XCConfigurationList section */
		78774916231D4A7B001D99AC /* Build configuration list for PBXProject "YGStudy" */ = {
			isa = XCConfigurationList;
			buildConfigurations = (
				7877492F231D4A7C001D99AC /* Debug */,
				78774930231D4A7C001D99AC /* Release */,
			);
			defaultConfigurationIsVisible = 0;
			defaultConfigurationName = Release;
		};
		78774931231D4A7C001D99AC /* Build configuration list for PBXNativeTarget "YGStudy" */ = {
			isa = XCConfigurationList;
			buildConfigurations = (
				78774932231D4A7C001D99AC /* Debug */,
				78774933231D4A7C001D99AC /* Release */,
			);
			defaultConfigurationIsVisible = 0;
			defaultConfigurationName = Release;
		};
/* End XCConfigurationList section */
	};
	rootObject = 78774913231D4A7B001D99AC /* Project object */;
}
